
Microsoft Visual Studio Solution File, Format Version 12.00
# Visual Studio Version 16
VisualStudioVersion = 16.0.30621.155
MinimumVisualStudioVersion = 10.0.40219.1
Project("{FAE04EC0-301F-11D3-BF4B-00C04F79EFBC}") = "EmployeePayrollMVC", "EmployeePayrollMVC.csproj", "{4C376464-562F-477D-88D3-A2D168CA5DF3}"
EndProject
Global
	GlobalSection(SolutionConfigurationPlatforms) = preSolution
		Debug|Any CPU = Debug|Any CPU
		Release|Any CPU = Release|Any CPU
	EndGlobalSection
	GlobalSection(ProjectConfigurationPlatforms) = postSolution
		{4C376464-562F-477D-88D3-A2D168CA5DF3}.Debug|Any CPU.ActiveCfg = Debug|Any CPU
		{4C376464-562F-477D-88D3-A2D168CA5DF3}.Debug|Any CPU.Build.0 = Debug|Any CPU
		{4C376464-562F-477D-88D3-A2D168CA5DF3}.Release|Any CPU.ActiveCfg = Release|Any CPU
		{4C376464-562F-477D-88D3-A2D168CA5DF3}.Release|Any CPU.Build.0 = Release|Any CPU
	EndGlobalSection
	GlobalSection(SolutionProperties) = preSolution
		HideSolutionNode = FALSE
	EndGlobalSection
	GlobalSection(ExtensibilityGlobals) = postSolution
		SolutionGuid = {A5DDCB36-1407-4BAF-8227-63A9772274C7}
	EndGlobalSection
EndGlobal
